
Microsoft Visual Studio Solution File, Format Version 12.00
# Visual Studio Version 16
VisualStudioVersion = 16.0.30309.148
MinimumVisualStudioVersion = 10.0.40219.1
Project("{9A19103F-16F7-4668-BE54-9A1E7A4F7556}") = "Application", "Application\Application.csproj", "{68402499-7536-46E3-BAD6-A2F495043E89}"
EndProject
Project("{9A19103F-16F7-4668-BE54-9A1E7A4F7556}") = "Domain", "Domain\Domain.csproj", "{BFCCE962-6DE6-434C-9204-B781AEF0B894}"
EndProject
Project("{9A19103F-16F7-4668-BE54-9A1E7A4F7556}") = "Common", "Common\Common.csproj", "{8A08841D-375B-4323-AA47-9B727688877D}"
EndProject
Project("{9A19103F-16F7-4668-BE54-9A1E7A4F7556}") = "Infrastructure", "Infrastructure\Infrastructure.csproj", "{99C2951E-D6FC-41A7-91B6-3FC725734CAA}"
EndProject
Project("{9A19103F-16F7-4668-BE54-9A1E7A4F7556}") = "IOC", "IOC\IOC.csproj", "{BDB384C9-6AFE-43B2-B38F-7611346C1332}"
EndProject
Project("{9A19103F-16F7-4668-BE54-9A1E7A4F7556}") = "Persistence", "Persistence\Persistence.csproj", "{4D7999DF-B09F-4C3D-8F67-D921F7E97585}"
EndProject
Project("{9A19103F-16F7-4668-BE54-9A1E7A4F7556}") = "Merchant.Api", "Merchant.Api\Merchant.Api.csproj", "{6FD67AA0-DD4B-4503-9AC7-4826FD4057C7}"
EndProject
Project("{9A19103F-16F7-4668-BE54-9A1E7A4F7556}") = "Helpers", "Helpers\Helpers.csproj", "{7DC6225B-9D49-4049-A055-40F816B1B560}"
EndProject
Project("{9A19103F-16F7-4668-BE54-9A1E7A4F7556}") = "Gateway.Core", "Gateway.Core\Gateway.Core.csproj", "{A479EF72-6B76-4170-A451-3E5BC55CCCC9}"
EndProject
Project("{2150E333-8FDC-42A3-9474-1A3956D46DE8}") = "1", "1", "{0835D0E8-B3A1-472D-A534-BF9A0B5EFE1C}"
EndProject
Project("{2150E333-8FDC-42A3-9474-1A3956D46DE8}") = "Single", "Single", "{532C8C8D-AC77-4660-81D4-DF5DEA420FE7}"
EndProject
Project("{2150E333-8FDC-42A3-9474-1A3956D46DE8}") = "Presentations", "Presentations", "{316E0D33-EF96-4B00-BDC4-B4186391A40D}"
EndProject
Project("{2150E333-8FDC-42A3-9474-1A3956D46DE8}") = "2", "2", "{C3DCA0BB-7EA7-4E82-815B-07885AAEBC50}"
EndProject
Project("{2150E333-8FDC-42A3-9474-1A3956D46DE8}") = "3", "3", "{DCF3DDF7-6F06-4D04-A0B3-16BC554EF8D9}"
EndProject
Project("{2150E333-8FDC-42A3-9474-1A3956D46DE8}") = "4", "4", "{C9CEC3D8-C40B-4CB2-949B-1581C2FC419A}"
EndProject
Global
	GlobalSection(SolutionConfigurationPlatforms) = preSolution
		Debug|Any CPU = Debug|Any CPU
		Release|Any CPU = Release|Any CPU
	EndGlobalSection
	GlobalSection(ProjectConfigurationPlatforms) = postSolution
		{68402499-7536-46E3-BAD6-A2F495043E89}.Debug|Any CPU.ActiveCfg = Debug|Any CPU
		{68402499-7536-46E3-BAD6-A2F495043E89}.Debug|Any CPU.Build.0 = Debug|Any CPU
		{68402499-7536-46E3-BAD6-A2F495043E89}.Release|Any CPU.ActiveCfg = Release|Any CPU
		{68402499-7536-46E3-BAD6-A2F495043E89}.Release|Any CPU.Build.0 = Release|Any CPU
		{BFCCE962-6DE6-434C-9204-B781AEF0B894}.Debug|Any CPU.ActiveCfg = Debug|Any CPU
		{BFCCE962-6DE6-434C-9204-B781AEF0B894}.Debug|Any CPU.Build.0 = Debug|Any CPU
		{BFCCE962-6DE6-434C-9204-B781AEF0B894}.Release|Any CPU.ActiveCfg = Release|Any CPU
		{BFCCE962-6DE6-434C-9204-B781AEF0B894}.Release|Any CPU.Build.0 = Release|Any CPU
		{8A08841D-375B-4323-AA47-9B727688877D}.Debug|Any CPU.ActiveCfg = Debug|Any CPU
		{8A08841D-375B-4323-AA47-9B727688877D}.Debug|Any CPU.Build.0 = Debug|Any CPU
		{8A08841D-375B-4323-AA47-9B727688877D}.Release|Any CPU.ActiveCfg = Release|Any CPU
		{8A08841D-375B-4323-AA47-9B727688877D}.Release|Any CPU.Build.0 = Release|Any CPU
		{99C2951E-D6FC-41A7-91B6-3FC725734CAA}.Debug|Any CPU.ActiveCfg = Debug|Any CPU
		{99C2951E-D6FC-41A7-91B6-3FC725734CAA}.Debug|Any CPU.Build.0 = Debug|Any CPU
		{99C2951E-D6FC-41A7-91B6-3FC725734CAA}.Release|Any CPU.ActiveCfg = Release|Any CPU
		{99C2951E-D6FC-41A7-91B6-3FC725734CAA}.Release|Any CPU.Build.0 = Release|Any CPU
		{BDB384C9-6AFE-43B2-B38F-7611346C1332}.Debug|Any CPU.ActiveCfg = Debug|Any CPU
		{BDB384C9-6AFE-43B2-B38F-7611346C1332}.Debug|Any CPU.Build.0 = Debug|Any CPU
		{BDB384C9-6AFE-43B2-B38F-7611346C1332}.Release|Any CPU.ActiveCfg = Release|Any CPU
		{BDB384C9-6AFE-43B2-B38F-7611346C1332}.Release|Any CPU.Build.0 = Release|Any CPU
		{4D7999DF-B09F-4C3D-8F67-D921F7E97585}.Debug|Any CPU.ActiveCfg = Debug|Any CPU
		{4D7999DF-B09F-4C3D-8F67-D921F7E97585}.Debug|Any CPU.Build.0 = Debug|Any CPU
		{4D7999DF-B09F-4C3D-8F67-D921F7E97585}.Release|Any CPU.ActiveCfg = Release|Any CPU
		{4D7999DF-B09F-4C3D-8F67-D921F7E97585}.Release|Any CPU.Build.0 = Release|Any CPU
		{6FD67AA0-DD4B-4503-9AC7-4826FD4057C7}.Debug|Any CPU.ActiveCfg = Debug|Any CPU
		{6FD67AA0-DD4B-4503-9AC7-4826FD4057C7}.Debug|Any CPU.Build.0 = Debug|Any CPU
		{6FD67AA0-DD4B-4503-9AC7-4826FD4057C7}.Release|Any CPU.ActiveCfg = Release|Any CPU
		{6FD67AA0-DD4B-4503-9AC7-4826FD4057C7}.Release|Any CPU.Build.0 = Release|Any CPU
		{7DC6225B-9D49-4049-A055-40F816B1B560}.Debug|Any CPU.ActiveCfg = Debug|Any CPU
		{7DC6225B-9D49-4049-A055-40F816B1B560}.Debug|Any CPU.Build.0 = Debug|Any CPU
		{7DC6225B-9D49-4049-A055-40F816B1B560}.Release|Any CPU.ActiveCfg = Release|Any CPU
		{7DC6225B-9D49-4049-A055-40F816B1B560}.Release|Any CPU.Build.0 = Release|Any CPU
		{A479EF72-6B76-4170-A451-3E5BC55CCCC9}.Debug|Any CPU.ActiveCfg = Debug|Any CPU
		{A479EF72-6B76-4170-A451-3E5BC55CCCC9}.Debug|Any CPU.Build.0 = Debug|Any CPU
		{A479EF72-6B76-4170-A451-3E5BC55CCCC9}.Release|Any CPU.ActiveCfg = Release|Any CPU
		{A479EF72-6B76-4170-A451-3E5BC55CCCC9}.Release|Any CPU.Build.0 = Release|Any CPU
	EndGlobalSection
	GlobalSection(SolutionProperties) = preSolution
		HideSolutionNode = FALSE
	EndGlobalSection
	GlobalSection(NestedProjects) = preSolution
		{68402499-7536-46E3-BAD6-A2F495043E89} = {0835D0E8-B3A1-472D-A534-BF9A0B5EFE1C}
		{BFCCE962-6DE6-434C-9204-B781AEF0B894} = {0835D0E8-B3A1-472D-A534-BF9A0B5EFE1C}
		{8A08841D-375B-4323-AA47-9B727688877D} = {532C8C8D-AC77-4660-81D4-DF5DEA420FE7}
		{99C2951E-D6FC-41A7-91B6-3FC725734CAA} = {C9CEC3D8-C40B-4CB2-949B-1581C2FC419A}
		{BDB384C9-6AFE-43B2-B38F-7611346C1332} = {DCF3DDF7-6F06-4D04-A0B3-16BC554EF8D9}
		{4D7999DF-B09F-4C3D-8F67-D921F7E97585} = {C3DCA0BB-7EA7-4E82-815B-07885AAEBC50}
		{6FD67AA0-DD4B-4503-9AC7-4826FD4057C7} = {316E0D33-EF96-4B00-BDC4-B4186391A40D}
		{7DC6225B-9D49-4049-A055-40F816B1B560} = {532C8C8D-AC77-4660-81D4-DF5DEA420FE7}
	EndGlobalSection
	GlobalSection(ExtensibilityGlobals) = postSolution
		SolutionGuid = {AD28896E-00C0-45A7-B1A8-63A880C6BD40}
	EndGlobalSection
EndGlobal
